// !$*UTF8*$!
{
	archiveVersion = 1;
	classes = {
	};
	objectVersion = 50;
	objects = {

/* Begin PBXBuildFile section */
		8A137AD921668CDC006CF9E3 /* AppDelegate.swift in Sources */ = {isa = PBXBuildFile; fileRef = 8A137AD821668CDC006CF9E3 /* AppDelegate.swift */; };
		8A137ADB21668CDC006CF9E3 /* ViewController.swift in Sources */ = {isa = PBXBuildFile; fileRef = 8A137ADA21668CDC006CF9E3 /* ViewController.swift */; };
		8A137ADE21668CDC006CF9E3 /* Main.storyboard in Resources */ = {isa = PBXBuildFile; fileRef = 8A137ADC21668CDC006CF9E3 /* Main.storyboard */; };
		8A137AE021668CDE006CF9E3 /* Assets.xcassets in Resources */ = {isa = PBXBuildFile; fileRef = 8A137ADF21668CDE006CF9E3 /* Assets.xcassets */; };
		8A137AE321668CDE006CF9E3 /* LaunchScreen.storyboard in Resources */ = {isa = PBXBuildFile; fileRef = 8A137AE121668CDE006CF9E3 /* LaunchScreen.storyboard */; };
		8A137AEB216692E2006CF9E3 /* InfiniteScrollView.swift in Sources */ = {isa = PBXBuildFile; fileRef = 8A137AEA216692E2006CF9E3 /* InfiniteScrollView.swift */; };
		8A52411921687588005E605F /* ImageCollectionViewCell.swift in Sources */ = {isa = PBXBuildFile; fileRef = 8A52411821687588005E605F /* ImageCollectionViewCell.swift */; };
		8A52411C216891EE005E605F /* AutoScrollImageTableViewCell.swift in Sources */ = {isa = PBXBuildFile; fileRef = 8A52411A216891EE005E605F /* AutoScrollImageTableViewCell.swift */; };
		8A52411F21689294005E605F /* AutoScrollImageView.swift in Sources */ = {isa = PBXBuildFile; fileRef = 8A52411E21689294005E605F /* AutoScrollImageView.swift */; };
		8A5241212168935E005E605F /* ImageViewController.swift in Sources */ = {isa = PBXBuildFile; fileRef = 8A5241202168935E005E605F /* ImageViewController.swift */; };
/* End PBXBuildFile section */

/* Begin PBXFileReference section */
		8A137AD521668CDC006CF9E3 /* ShoppingApp.app */ = {isa = PBXFileReference; explicitFileType = wrapper.application; includeInIndex = 0; path = ShoppingApp.app; sourceTree = BUILT_PRODUCTS_DIR; };
		8A137AD821668CDC006CF9E3 /* AppDelegate.swift */ = {isa = PBXFileReference; lastKnownFileType = sourcecode.swift; path = AppDelegate.swift; sourceTree = "<group>"; };
		8A137ADA21668CDC006CF9E3 /* ViewController.swift */ = {isa = PBXFileReference; lastKnownFileType = sourcecode.swift; path = ViewController.swift; sourceTree = "<group>"; };
		8A137ADD21668CDC006CF9E3 /* Base */ = {isa = PBXFileReference; lastKnownFileType = file.storyboard; name = Base; path = Base.lproj/Main.storyboard; sourceTree = "<group>"; };
		8A137ADF21668CDE006CF9E3 /* Assets.xcassets */ = {isa = PBXFileReference; lastKnownFileType = folder.assetcatalog; path = Assets.xcassets; sourceTree = "<group>"; };
		8A137AE221668CDE006CF9E3 /* Base */ = {isa = PBXFileReference; lastKnownFileType = file.storyboard; name = Base; path = Base.lproj/LaunchScreen.storyboard; sourceTree = "<group>"; };
		8A137AE421668CDE006CF9E3 /* Info.plist */ = {isa = PBXFileReference; lastKnownFileType = text.plist.xml; path = Info.plist; sourceTree = "<group>"; };
		8A137AEA216692E2006CF9E3 /* InfiniteScrollView.swift */ = {isa = PBXFileReference; lastKnownFileType = sourcecode.swift; path = InfiniteScrollView.swift; sourceTree = "<group>"; };
		8A52411821687588005E605F /* ImageCollectionViewCell.swift */ = {isa = PBXFileReference; lastKnownFileType = sourcecode.swift; path = ImageCollectionViewCell.swift; sourceTree = "<group>"; };
		8A52411A216891EE005E605F /* AutoScrollImageTableViewCell.swift */ = {isa = PBXFileReference; lastKnownFileType = sourcecode.swift; path = AutoScrollImageTableViewCell.swift; sourceTree = "<group>"; };
		8A52411E21689294005E605F /* AutoScrollImageView.swift */ = {isa = PBXFileReference; lastKnownFileType = sourcecode.swift; path = AutoScrollImageView.swift; sourceTree = "<group>"; };
		8A5241202168935E005E605F /* ImageViewController.swift */ = {isa = PBXFileReference; lastKnownFileType = sourcecode.swift; path = ImageViewController.swift; sourceTree = "<group>"; };
/* End PBXFileReference section */

/* Begin PBXFrameworksBuildPhase section */
		8A137AD221668CDC006CF9E3 /* Frameworks */ = {
			isa = PBXFrameworksBuildPhase;
			buildActionMask = 2147483647;
			files = (
			);
			runOnlyForDeploymentPostprocessing = 0;
		};
/* End PBXFrameworksBuildPhase section */

/* Begin PBXGroup section */
		8A137ACC21668CDC006CF9E3 = {
			isa = PBXGroup;
			children = (
				8A137AD721668CDC006CF9E3 /* ShoppingApp */,
				8A137AD621668CDC006CF9E3 /* Products */,
			);
			sourceTree = "<group>";
		};
		8A137AD621668CDC006CF9E3 /* Products */ = {
			isa = PBXGroup;
			children = (
				8A137AD521668CDC006CF9E3 /* ShoppingApp.app */,
			);
			name = Products;
			sourceTree = "<group>";
		};
		8A137AD721668CDC006CF9E3 /* ShoppingApp */ = {
			isa = PBXGroup;
			children = (
				8A137AEC216692EC006CF9E3 /* InfiniteScroll */,
				8A137AD821668CDC006CF9E3 /* AppDelegate.swift */,
				8A137ADA21668CDC006CF9E3 /* ViewController.swift */,
				8A137ADC21668CDC006CF9E3 /* Main.storyboard */,
				8A137ADF21668CDE006CF9E3 /* Assets.xcassets */,
				8A137AE121668CDE006CF9E3 /* LaunchScreen.storyboard */,
				8A137AE421668CDE006CF9E3 /* Info.plist */,
			);
			path = ShoppingApp;
			sourceTree = "<group>";
		};
		8A137AEC216692EC006CF9E3 /* InfiniteScroll */ = {
			isa = PBXGroup;
			children = (
				8A137AEA216692E2006CF9E3 /* InfiniteScrollView.swift */,
				8A52411821687588005E605F /* ImageCollectionViewCell.swift */,
				8A52411A216891EE005E605F /* AutoScrollImageTableViewCell.swift */,
				8A52411E21689294005E605F /* AutoScrollImageView.swift */,
				8A5241202168935E005E605F /* ImageViewController.swift */,
			);
			path = InfiniteScroll;
			sourceTree = "<group>";
		};
/* End PBXGroup section */

/* Begin PBXNativeTarget section */
		8A137AD421668CDC006CF9E3 /* ShoppingApp */ = {
			isa = PBXNativeTarget;
			buildConfigurationList = 8A137AE721668CDE006CF9E3 /* Build configuration list for PBXNativeTarget "ShoppingApp" */;
			buildPhases = (
				8A137AD121668CDC006CF9E3 /* Sources */,
				8A137AD221668CDC006CF9E3 /* Frameworks */,
				8A137AD321668CDC006CF9E3 /* Resources */,
			);
			buildRules = (
			);
			dependencies = (
			);
			name = ShoppingApp;
			productName = ShoppingApp;
			productReference = 8A137AD521668CDC006CF9E3 /* ShoppingApp.app */;
			productType = "com.apple.product-type.application";
		};
/* End PBXNativeTarget section */

/* Begin PBXProject section */
		8A137ACD21668CDC006CF9E3 /* Project object */ = {
			isa = PBXProject;
			attributes = {
				LastSwiftUpdateCheck = 1000;
				LastUpgradeCheck = 1000;
				ORGANIZATIONNAME = "Shailesh Aher";
				TargetAttributes = {
					8A137AD421668CDC006CF9E3 = {
						CreatedOnToolsVersion = 10.0;
					};
				};
			};
			buildConfigurationList = 8A137AD021668CDC006CF9E3 /* Build configuration list for PBXProject "ShoppingApp" */;
			compatibilityVersion = "Xcode 9.3";
			developmentRegion = en;
			hasScannedForEncodings = 0;
			knownRegions = (
				en,
				Base,
			);
			mainGroup = 8A137ACC21668CDC006CF9E3;
			productRefGroup = 8A137AD621668CDC006CF9E3 /* Products */;
			projectDirPath = "";
			projectRoot = "";
			targets = (
				8A137AD421668CDC006CF9E3 /* ShoppingApp */,
			);
		};
/* End PBXProject section */

/* Begin PBXResourcesBuildPhase section */
		8A137AD321668CDC006CF9E3 /* Resources */ = {
			isa = PBXResourcesBuildPhase;
			buildActionMask = 2147483647;
			files = (
				8A137AE321668CDE006CF9E3 /* LaunchScreen.storyboard in Resources */,
				8A137AE021668CDE006CF9E3 /* Assets.xcassets in Resources */,
				8A137ADE21668CDC006CF9E3 /* Main.storyboard in Resources */,
			);
			runOnlyForDeploymentPostprocessing = 0;
		};
/* End PBXResourcesBuildPhase section */

/* Begin PBXSourcesBuildPhase section */
		8A137AD121668CDC006CF9E3 /* Sources */ = {
			isa = PBXSourcesBuildPhase;
			buildActionMask = 2147483647;
			files = (
				8A137AEB216692E2006CF9E3 /* InfiniteScrollView.swift in Sources */,
				8A52411C216891EE005E605F /* AutoScrollImageTableViewCell.swift in Sources */,
				8A137ADB21668CDC006CF9E3 /* ViewController.swift in Sources */,
				8A5241212168935E005E605F /* ImageViewController.swift in Sources */,
				8A52411921687588005E605F /* ImageCollectionViewCell.swift in Sources */,
				8A52411F21689294005E605F /* AutoScrollImageView.swift in Sources */,
				8A137AD921668CDC006CF9E3 /* AppDelegate.swift in Sources */,
			);
			runOnlyForDeploymentPostprocessing = 0;
		};
/* End PBXSourcesBuildPhase section */

/* Begin PBXVariantGroup section */
		8A137ADC21668CDC006CF9E3 /* Main.storyboard */ = {
			isa = PBXVariantGroup;
			children = (
				8A137ADD21668CDC006CF9E3 /* Base */,
			);
			name = Main.storyboard;
			sourceTree = "<group>";
		};
		8A137AE121668CDE006CF9E3 /* LaunchScreen.storyboard */ = {
			isa = PBXVariantGroup;
			children = (
				8A137AE221668CDE006CF9E3 /* Base */,
			);
			name = LaunchScreen.storyboard;
			sourceTree = "<group>";
		};
/* End PBXVariantGroup section */

/* Begin XCBuildConfiguration section */
		8A137AE521668CDE006CF9E3 /* Debug */ = {
			isa = XCBuildConfiguration;
			buildSettings = {
				ALWAYS_SEARCH_USER_PATHS = NO;
				CLANG_ANALYZER_NONNULL = YES;
				CLANG_ANALYZER_NUMBER_OBJECT_CONVERSION = YES_AGGRESSIVE;
				CLANG_CXX_LANGUAGE_STANDARD = "gnu++14";
				CLANG_CXX_LIBRARY = "libc++";
				CLANG_ENABLE_MODULES = YES;
				CLANG_ENABLE_OBJC_ARC = YES;
				CLANG_ENABLE_OBJC_WEAK = YES;
				CLANG_WARN_BLOCK_CAPTURE_AUTORELEASING = YES;
				CLANG_WARN_BOOL_CONVERSION = YES;
				CLANG_WARN_COMMA = YES;
				CLANG_WARN_CONSTANT_CONVERSION = YES;
				CLANG_WARN_DEPRECATED_OBJC_IMPLEMENTATIONS = YES;
				CLANG_WARN_DIRECT_OBJC_ISA_USAGE = YES_ERROR;
				CLANG_WARN_DOCUMENTATION_COMMENTS = YES;
				CLANG_WARN_EMPTY_BODY = YES;
				CLANG_WARN_ENUM_CONVERSION = YES;
				CLANG_WARN_INFINITE_RECURSION = YES;
				CLANG_WARN_INT_CONVERSION = YES;
				CLANG_WARN_NON_LITERAL_NULL_CONVERSION = YES;
				CLANG_WARN_OBJC_IMPLICIT_RETAIN_SELF = YES;
				CLANG_WARN_OBJC_LITERAL_CONVERSION = YES;
				CLANG_WARN_OBJC_ROOT_CLASS = YES_ERROR;
				CLANG_WARN_RANGE_LOOP_ANALYSIS = YES;
				CLANG_WARN_STRICT_PROTOTYPES = YES;
				CLANG_WARN_SUSPICIOUS_MOVE = YES;
				CLANG_WARN_UNGUARDED_AVAILABILITY = YES_AGGRESSIVE;
				CLANG_WARN_UNREACHABLE_CODE = YES;
				CLANG_WARN__DUPLICATE_METHOD_MATCH = YES;
				CODE_SIGN_IDENTITY = "iPhone Developer";
				COPY_PHASE_STRIP = NO;
				DEBUG_INFORMATION_FORMAT = dwarf;
				ENABLE_STRICT_OBJC_MSGSEND = YES;
				ENABLE_TESTABILITY = YES;
				GCC_C_LANGUAGE_STANDARD = gnu11;
				GCC_DYNAMIC_NO_PIC = NO;
				GCC_NO_COMMON_BLOCKS = YES;
				GCC_OPTIMIZATION_LEVEL = 0;
				GCC_PREPROCESSOR_DEFINITIONS = (
					"DEBUG=1",
					"$(inherited)",
				);
				GCC_WARN_64_TO_32_BIT_CONVERSION = YES;
				GCC_WARN_ABOUT_RETURN_TYPE = YES_ERROR;
				GCC_WARN_UNDECLARED_SELECTOR = YES;
				GCC_WARN_UNINITIALIZED_AUTOS = YES_AGGRESSIVE;
				GCC_WARN_UNUSED_FUNCTION = YES;
				GCC_WARN_UNUSED_VARIABLE = YES;
				IPHONEOS_DEPLOYMENT_TARGET = 12.0;
				MTL_ENABLE_DEBUG_INFO = INCLUDE_SOURCE;
				MTL_FAST_MATH = YES;
				ONLY_ACTIVE_ARCH = YES;
				SDKROOT = iphoneos;
				SWIFT_ACTIVE_COMPILATION_CONDITIONS = DEBUG;
				SWIFT_OPTIMIZATION_LEVEL = "-Onone";
			};
			name = Debug;
		};
		8A137AE621668CDE006CF9E3 /* Release */ = {
			isa = XCBuildConfiguration;
			buildSettings = {
				ALWAYS_SEARCH_USER_PATHS = NO;
				CLANG_ANALYZER_NONNULL = YES;
				CLANG_ANALYZER_NUMBER_OBJECT_CONVERSION = YES_AGGRESSIVE;
				CLANG_CXX_LANGUAGE_STANDARD = "gnu++14";
				CLANG_CXX_LIBRARY = "libc++";
				CLANG_ENABLE_MODULES = YES;
				CLANG_ENABLE_OBJC_ARC = YES;
				CLANG_ENABLE_OBJC_WEAK = YES;
				CLANG_WARN_BLOCK_CAPTURE_AUTORELEASING = YES;
				CLANG_WARN_BOOL_CONVERSION = YES;
				CLANG_WARN_COMMA = YES;
				CLANG_WARN_CONSTANT_CONVERSION = YES;
				CLANG_WARN_DEPRECATED_OBJC_IMPLEMENTATIONS = YES;
				CLANG_WARN_DIRECT_OBJC_ISA_USAGE = YES_ERROR;
				CLANG_WARN_DOCUMENTATION_COMMENTS = YES;
				CLANG_WARN_EMPTY_BODY = YES;
				CLANG_WARN_ENUM_CONVERSION = YES;
				CLANG_WARN_INFINITE_RECURSION = YES;
				CLANG_WARN_INT_CONVERSION = YES;
				CLANG_WARN_NON_LITERAL_NULL_CONVERSION = YES;
				CLANG_WARN_OBJC_IMPLICIT_RETAIN_SELF = YES;
				CLANG_WARN_OBJC_LITERAL_CONVERSION = YES;
				CLANG_WARN_OBJC_ROOT_CLASS = YES_ERROR;
				CLANG_WARN_RANGE_LOOP_ANALYSIS = YES;
				CLANG_WARN_STRICT_PROTOTYPES = YES;
				CLANG_WARN_SUSPICIOUS_MOVE = YES;
				CLANG_WARN_UNGUARDED_AVAILABILITY = YES_AGGRESSIVE;
				CLANG_WARN_UNREACHABLE_CODE = YES;
				CLANG_WARN__DUPLICATE_METHOD_MATCH = YES;
				CODE_SIGN_IDENTITY = "iPhone Developer";
				COPY_PHASE_STRIP = NO;
				DEBUG_INFORMATION_FORMAT = "dwarf-with-dsym";
				ENABLE_NS_ASSERTIONS = NO;
				ENABLE_STRICT_OBJC_MSGSEND = YES;
				GCC_C_LANGUAGE_STANDARD = gnu11;
				GCC_NO_COMMON_BLOCKS = YES;
				GCC_WARN_64_TO_32_BIT_CONVERSION = YES;
				GCC_WARN_ABOUT_RETURN_TYPE = YES_ERROR;
				GCC_WARN_UNDECLARED_SELECTOR = YES;
				GCC_WARN_UNINITIALIZED_AUTOS = YES_AGGRESSIVE;
				GCC_WARN_UNUSED_FUNCTION = YES;
				GCC_WARN_UNUSED_VARIABLE = YES;
				IPHONEOS_DEPLOYMENT_TARGET = 12.0;
				MTL_ENABLE_DEBUG_INFO = NO;
				MTL_FAST_MATH = YES;
				SDKROOT = iphoneos;
				SWIFT_COMPILATION_MODE = wholemodule;
				SWIFT_OPTIMIZATION_LEVEL = "-O";
				VALIDATE_PRODUCT = YES;
			};
			name = Release;
		};
		8A137AE821668CDE006CF9E3 /* Debug */ = {
			isa = XCBuildConfiguration;
			buildSettings = {
				ASSETCATALOG_COMPILER_APPICON_NAME = AppIcon;
				CODE_SIGN_STYLE = Automatic;
				INFOPLIST_FILE = ShoppingApp/Info.plist;
				LD_RUNPATH_SEARCH_PATHS = (
					"$(inherited)",
					"@executable_path/Frameworks",
				);
				PRODUCT_BUNDLE_IDENTIFIER = com.shailesh.aher.ShoppingApp;
				PRODUCT_NAME = "$(TARGET_NAME)";
				SWIFT_VERSION = 4.2;
				TARGETED_DEVICE_FAMILY = "1,2";
			};
			name = Debug;
		};
		8A137AE921668CDE006CF9E3 /* Release */ = {
			isa = XCBuildConfiguration;
			buildSettings = {
				ASSETCATALOG_COMPILER_APPICON_NAME = AppIcon;
				CODE_SIGN_STYLE = Automatic;
				INFOPLIST_FILE = ShoppingApp/Info.plist;
				LD_RUNPATH_SEARCH_PATHS = (
					"$(inherited)",
					"@executable_path/Frameworks",
				);
				PRODUCT_BUNDLE_IDENTIFIER = com.shailesh.aher.ShoppingApp;
				PRODUCT_NAME = "$(TARGET_NAME)";
				SWIFT_VERSION = 4.2;
				TARGETED_DEVICE_FAMILY = "1,2";
			};
			name = Release;
		};
/* End XCBuildConfiguration section */

/* Begin XCConfigurationList section */
		8A137AD021668CDC006CF9E3 /* Build configuration list for PBXProject "ShoppingApp" */ = {
			isa = XCConfigurationList;
			buildConfigurations = (
				8A137AE521668CDE006CF9E3 /* Debug */,
				8A137AE621668CDE006CF9E3 /* Release */,
			);
			defaultConfigurationIsVisible = 0;
			defaultConfigurationName = Release;
		};
		8A137AE721668CDE006CF9E3 /* Build configuration list for PBXNativeTarget "ShoppingApp" */ = {
			isa = XCConfigurationList;
			buildConfigurations = (
				8A137AE821668CDE006CF9E3 /* Debug */,
				8A137AE921668CDE006CF9E3 /* Release */,
			);
			defaultConfigurationIsVisible = 0;
			defaultConfigurationName = Release;
		};
/* End XCConfigurationList section */
	};
	rootObject = 8A137ACD21668CDC006CF9E3 /* Project object */;
}
